// !$*UTF8*$!
{
	archiveVersion = 1;
	classes = {
	};
	objectVersion = 51;
	objects = {

/* Begin PBXBuildFile section */
		047E3E8A240F8FFB00D6ADBB /* HomeViewController.swift in Sources */ = {isa = PBXBuildFile; fileRef = 047E3E89240F8FFB00D6ADBB /* HomeViewController.swift */; };
		047E3EF3240FA77A00D6ADBB /* EditImageViewController.swift in Sources */ = {isa = PBXBuildFile; fileRef = 047E3EF2240FA77A00D6ADBB /* EditImageViewController.swift */; };
		047E3EF5240FA9AE00D6ADBB /* ExampleCropViewController.swift in Sources */ = {isa = PBXBuildFile; fileRef = 047E3EF4240FA9AE00D6ADBB /* ExampleCropViewController.swift */; };
		613359F8226F7B0A00CBB743 /* GlassesCollectionViewCell.swift in Sources */ = {isa = PBXBuildFile; fileRef = 613359F7226F7B0A00CBB743 /* GlassesCollectionViewCell.swift */; };
		6171A797226EE5D100093DA4 /* AppDelegate.swift in Sources */ = {isa = PBXBuildFile; fileRef = 6171A796226EE5D100093DA4 /* AppDelegate.swift */; };
		6171A799226EE5D100093DA4 /* CameraViewController.swift in Sources */ = {isa = PBXBuildFile; fileRef = 6171A798226EE5D100093DA4 /* CameraViewController.swift */; };
		6171A79C226EE5D100093DA4 /* Main.storyboard in Resources */ = {isa = PBXBuildFile; fileRef = 6171A79A226EE5D100093DA4 /* Main.storyboard */; };
		6171A79E226EE5D400093DA4 /* Assets.xcassets in Resources */ = {isa = PBXBuildFile; fileRef = 6171A79D226EE5D400093DA4 /* Assets.xcassets */; };
		6171A7A1226EE5D400093DA4 /* LaunchScreen.storyboard in Resources */ = {isa = PBXBuildFile; fileRef = 6171A79F226EE5D400093DA4 /* LaunchScreen.storyboard */; };
		697219A2F67D61A55B8DD462 /* Pods_ARKitFaceTrackingTutorial.framework in Frameworks */ = {isa = PBXBuildFile; fileRef = 1F7CE1538C3B36856889C9AE /* Pods_ARKitFaceTrackingTutorial.framework */; };
/* End PBXBuildFile section */

/* Begin PBXFileReference section */
		047E3E89240F8FFB00D6ADBB /* HomeViewController.swift */ = {isa = PBXFileReference; lastKnownFileType = sourcecode.swift; path = HomeViewController.swift; sourceTree = "<group>"; };
		047E3EF2240FA77A00D6ADBB /* EditImageViewController.swift */ = {isa = PBXFileReference; lastKnownFileType = sourcecode.swift; path = EditImageViewController.swift; sourceTree = "<group>"; };
		047E3EF4240FA9AE00D6ADBB /* ExampleCropViewController.swift */ = {isa = PBXFileReference; fileEncoding = 4; lastKnownFileType = sourcecode.swift; path = ExampleCropViewController.swift; sourceTree = "<group>"; };
		1F7CE1538C3B36856889C9AE /* Pods_ARKitFaceTrackingTutorial.framework */ = {isa = PBXFileReference; explicitFileType = wrapper.framework; includeInIndex = 0; path = Pods_ARKitFaceTrackingTutorial.framework; sourceTree = BUILT_PRODUCTS_DIR; };
		613359F7226F7B0A00CBB743 /* GlassesCollectionViewCell.swift */ = {isa = PBXFileReference; lastKnownFileType = sourcecode.swift; path = GlassesCollectionViewCell.swift; sourceTree = "<group>"; };
		6171A793226EE5D100093DA4 /* ARKit Eye Glassis.app */ = {isa = PBXFileReference; explicitFileType = wrapper.application; includeInIndex = 0; path = "ARKit Eye Glassis.app"; sourceTree = BUILT_PRODUCTS_DIR; };
		6171A796226EE5D100093DA4 /* AppDelegate.swift */ = {isa = PBXFileReference; lastKnownFileType = sourcecode.swift; path = AppDelegate.swift; sourceTree = "<group>"; };
		6171A798226EE5D100093DA4 /* CameraViewController.swift */ = {isa = PBXFileReference; lastKnownFileType = sourcecode.swift; path = CameraViewController.swift; sourceTree = "<group>"; };
		6171A79B226EE5D100093DA4 /* Base */ = {isa = PBXFileReference; lastKnownFileType = file.storyboard; name = Base; path = Base.lproj/Main.storyboard; sourceTree = "<group>"; };
		6171A79D226EE5D400093DA4 /* Assets.xcassets */ = {isa = PBXFileReference; lastKnownFileType = folder.assetcatalog; path = Assets.xcassets; sourceTree = "<group>"; };
		6171A7A0226EE5D400093DA4 /* Base */ = {isa = PBXFileReference; lastKnownFileType = file.storyboard; name = Base; path = Base.lproj/LaunchScreen.storyboard; sourceTree = "<group>"; };
		6171A7A2226EE5D400093DA4 /* Info.plist */ = {isa = PBXFileReference; lastKnownFileType = text.plist.xml; path = Info.plist; sourceTree = "<group>"; };
		6905A487502C3FA201C3A00B /* Pods-ARKitFaceTrackingTutorial.release.xcconfig */ = {isa = PBXFileReference; includeInIndex = 1; lastKnownFileType = text.xcconfig; name = "Pods-ARKitFaceTrackingTutorial.release.xcconfig"; path = "Target Support Files/Pods-ARKitFaceTrackingTutorial/Pods-ARKitFaceTrackingTutorial.release.xcconfig"; sourceTree = "<group>"; };
		AA66D5B5DC5A36A12730CBEE /* Pods-ARKitFaceTrackingTutorial.debug.xcconfig */ = {isa = PBXFileReference; includeInIndex = 1; lastKnownFileType = text.xcconfig; name = "Pods-ARKitFaceTrackingTutorial.debug.xcconfig"; path = "Target Support Files/Pods-ARKitFaceTrackingTutorial/Pods-ARKitFaceTrackingTutorial.debug.xcconfig"; sourceTree = "<group>"; };
/* End PBXFileReference section */

/* Begin PBXFrameworksBuildPhase section */
		6171A790226EE5D100093DA4 /* Frameworks */ = {
			isa = PBXFrameworksBuildPhase;
			buildActionMask = 2147483647;
			files = (
				697219A2F67D61A55B8DD462 /* Pods_ARKitFaceTrackingTutorial.framework in Frameworks */,
			);
			runOnlyForDeploymentPostprocessing = 0;
		};
/* End PBXFrameworksBuildPhase section */

/* Begin PBXGroup section */
		303388CB44D857E1716A4934 /* Frameworks */ = {
			isa = PBXGroup;
			children = (
				1F7CE1538C3B36856889C9AE /* Pods_ARKitFaceTrackingTutorial.framework */,
			);
			name = Frameworks;
			sourceTree = "<group>";
		};
		6171A78A226EE5D100093DA4 = {
			isa = PBXGroup;
			children = (
				6171A795226EE5D100093DA4 /* ARKitFaceTrackingTutorial */,
				6171A794226EE5D100093DA4 /* Products */,
				CC35C97BB0C1DA7E00883246 /* Pods */,
				303388CB44D857E1716A4934 /* Frameworks */,
			);
			sourceTree = "<group>";
		};
		6171A794226EE5D100093DA4 /* Products */ = {
			isa = PBXGroup;
			children = (
				6171A793226EE5D100093DA4 /* ARKit Eye Glassis.app */,
			);
			name = Products;
			sourceTree = "<group>";
		};
		6171A795226EE5D100093DA4 /* ARKitFaceTrackingTutorial */ = {
			isa = PBXGroup;
			children = (
				6171A796226EE5D100093DA4 /* AppDelegate.swift */,
				047E3EF4240FA9AE00D6ADBB /* ExampleCropViewController.swift */,
				047E3E89240F8FFB00D6ADBB /* HomeViewController.swift */,
				6171A798226EE5D100093DA4 /* CameraViewController.swift */,
				613359F7226F7B0A00CBB743 /* GlassesCollectionViewCell.swift */,
				047E3EF2240FA77A00D6ADBB /* EditImageViewController.swift */,
				6171A79A226EE5D100093DA4 /* Main.storyboard */,
				6171A79D226EE5D400093DA4 /* Assets.xcassets */,
				6171A79F226EE5D400093DA4 /* LaunchScreen.storyboard */,
				6171A7A2226EE5D400093DA4 /* Info.plist */,
			);
			path = ARKitFaceTrackingTutorial;
			sourceTree = "<group>";
		};
		CC35C97BB0C1DA7E00883246 /* Pods */ = {
			isa = PBXGroup;
			children = (
				AA66D5B5DC5A36A12730CBEE /* Pods-ARKitFaceTrackingTutorial.debug.xcconfig */,
				6905A487502C3FA201C3A00B /* Pods-ARKitFaceTrackingTutorial.release.xcconfig */,
			);
			path = Pods;
			sourceTree = "<group>";
		};
/* End PBXGroup section */

/* Begin PBXNativeTarget section */
		6171A792226EE5D100093DA4 /* ARKitFaceTrackingTutorial */ = {
			isa = PBXNativeTarget;
			buildConfigurationList = 6171A7A5226EE5D400093DA4 /* Build configuration list for PBXNativeTarget "ARKitFaceTrackingTutorial" */;
			buildPhases = (
				B0D9646DD31A6C5F6D3C61B0 /* [CP] Check Pods Manifest.lock */,
				6171A78F226EE5D100093DA4 /* Sources */,
				6171A790226EE5D100093DA4 /* Frameworks */,
				6171A791226EE5D100093DA4 /* Resources */,
				7631299D750C5DD5CA8E05A1 /* [CP] Embed Pods Frameworks */,
			);
			buildRules = (
			);
			dependencies = (
			);
			name = ARKitFaceTrackingTutorial;
			productName = ARKitFaceTrackingTutorial;
			productReference = 6171A793226EE5D100093DA4 /* ARKit Eye Glassis.app */;
			productType = "com.apple.product-type.application";
		};
/* End PBXNativeTarget section */

/* Begin PBXProject section */
		6171A78B226EE5D100093DA4 /* Project object */ = {
			isa = PBXProject;
			attributes = {
				LastSwiftUpdateCheck = 1020;
				LastUpgradeCheck = 1020;
				ORGANIZATIONNAME = "Evgeniy Antonov";
				TargetAttributes = {
					6171A792226EE5D100093DA4 = {
						CreatedOnToolsVersion = 10.2.1;
					};
				};
			};
			buildConfigurationList = 6171A78E226EE5D100093DA4 /* Build configuration list for PBXProject "ARKitFaceTrackingTutorial" */;
			compatibilityVersion = "Xcode 9.3";
			developmentRegion = en;
			hasScannedForEncodings = 0;
			knownRegions = (
				en,
				Base,
			);
			mainGroup = 6171A78A226EE5D100093DA4;
			productRefGroup = 6171A794226EE5D100093DA4 /* Products */;
			projectDirPath = "";
			projectRoot = "";
			targets = (
				6171A792226EE5D100093DA4 /* ARKitFaceTrackingTutorial */,
			);
		};
/* End PBXProject section */

/* Begin PBXResourcesBuildPhase section */
		6171A791226EE5D100093DA4 /* Resources */ = {
			isa = PBXResourcesBuildPhase;
			buildActionMask = 2147483647;
			files = (
				6171A7A1226EE5D400093DA4 /* LaunchScreen.storyboard in Resources */,
				6171A79E226EE5D400093DA4 /* Assets.xcassets in Resources */,
				6171A79C226EE5D100093DA4 /* Main.storyboard in Resources */,
			);
			runOnlyForDeploymentPostprocessing = 0;
		};
/* End PBXResourcesBuildPhase section */

/* Begin PBXShellScriptBuildPhase section */
		7631299D750C5DD5CA8E05A1 /* [CP] Embed Pods Frameworks */ = {
			isa = PBXShellScriptBuildPhase;
			buildActionMask = 2147483647;
			files = (
			);
			inputFileListPaths = (
				"${PODS_ROOT}/Target Support Files/Pods-ARKitFaceTrackingTutorial/Pods-ARKitFaceTrackingTutorial-frameworks-${CONFIGURATION}-input-files.xcfilelist",
			);
			name = "[CP] Embed Pods Frameworks";
			outputFileListPaths = (
				"${PODS_ROOT}/Target Support Files/Pods-ARKitFaceTrackingTutorial/Pods-ARKitFaceTrackingTutorial-frameworks-${CONFIGURATION}-output-files.xcfilelist",
			);
			runOnlyForDeploymentPostprocessing = 0;
			shellPath = /bin/sh;
			shellScript = "\"${PODS_ROOT}/Target Support Files/Pods-ARKitFaceTrackingTutorial/Pods-ARKitFaceTrackingTutorial-frameworks.sh\"\n";
			showEnvVarsInLog = 0;
		};
		B0D9646DD31A6C5F6D3C61B0 /* [CP] Check Pods Manifest.lock */ = {
			isa = PBXShellScriptBuildPhase;
			buildActionMask = 2147483647;
			files = (
			);
			inputFileListPaths = (
			);
			inputPaths = (
				"${PODS_PODFILE_DIR_PATH}/Podfile.lock",
				"${PODS_ROOT}/Manifest.lock",
			);
			name = "[CP] Check Pods Manifest.lock";
			outputFileListPaths = (
			);
			outputPaths = (
				"$(DERIVED_FILE_DIR)/Pods-ARKitFaceTrackingTutorial-checkManifestLockResult.txt",
			);
			runOnlyForDeploymentPostprocessing = 0;
			shellPath = /bin/sh;
			shellScript = "diff \"${PODS_PODFILE_DIR_PATH}/Podfile.lock\" \"${PODS_ROOT}/Manifest.lock\" > /dev/null\nif [ $? != 0 ] ; then\n    # print error to STDERR\n    echo \"error: The sandbox is not in sync with the Podfile.lock. Run 'pod install' or update your CocoaPods installation.\" >&2\n    exit 1\nfi\n# This output is used by Xcode 'outputs' to avoid re-running this script phase.\necho \"SUCCESS\" > \"${SCRIPT_OUTPUT_FILE_0}\"\n";
			showEnvVarsInLog = 0;
		};
/* End PBXShellScriptBuildPhase section */

/* Begin PBXSourcesBuildPhase section */
		6171A78F226EE5D100093DA4 /* Sources */ = {
			isa = PBXSourcesBuildPhase;
			buildActionMask = 2147483647;
			files = (
				047E3EF5240FA9AE00D6ADBB /* ExampleCropViewController.swift in Sources */,
				6171A799226EE5D100093DA4 /* CameraViewController.swift in Sources */,
				613359F8226F7B0A00CBB743 /* GlassesCollectionViewCell.swift in Sources */,
				6171A797226EE5D100093DA4 /* AppDelegate.swift in Sources */,
				047E3EF3240FA77A00D6ADBB /* EditImageViewController.swift in Sources */,
				047E3E8A240F8FFB00D6ADBB /* HomeViewController.swift in Sources */,
			);
			runOnlyForDeploymentPostprocessing = 0;
		};
/* End PBXSourcesBuildPhase section */

/* Begin PBXVariantGroup section */
		6171A79A226EE5D100093DA4 /* Main.storyboard */ = {
			isa = PBXVariantGroup;
			children = (
				6171A79B226EE5D100093DA4 /* Base */,
			);
			name = Main.storyboard;
			sourceTree = "<group>";
		};
		6171A79F226EE5D400093DA4 /* LaunchScreen.storyboard */ = {
			isa = PBXVariantGroup;
			children = (
				6171A7A0226EE5D400093DA4 /* Base */,
			);
			name = LaunchScreen.storyboard;
			sourceTree = "<group>";
		};
/* End PBXVariantGroup section */

/* Begin XCBuildConfiguration section */
		6171A7A3226EE5D400093DA4 /* Debug */ = {
			isa = XCBuildConfiguration;
			buildSettings = {
				ALWAYS_SEARCH_USER_PATHS = NO;
				CLANG_ANALYZER_NONNULL = YES;
				CLANG_ANALYZER_NUMBER_OBJECT_CONVERSION = YES_AGGRESSIVE;
				CLANG_CXX_LANGUAGE_STANDARD = "gnu++14";
				CLANG_CXX_LIBRARY = "libc++";
				CLANG_ENABLE_MODULES = YES;
				CLANG_ENABLE_OBJC_ARC = YES;
				CLANG_ENABLE_OBJC_WEAK = YES;
				CLANG_WARN_BLOCK_CAPTURE_AUTORELEASING = YES;
				CLANG_WARN_BOOL_CONVERSION = YES;
				CLANG_WARN_COMMA = YES;
				CLANG_WARN_CONSTANT_CONVERSION = YES;
				CLANG_WARN_DEPRECATED_OBJC_IMPLEMENTATIONS = YES;
				CLANG_WARN_DIRECT_OBJC_ISA_USAGE = YES_ERROR;
				CLANG_WARN_DOCUMENTATION_COMMENTS = YES;
				CLANG_WARN_EMPTY_BODY = YES;
				CLANG_WARN_ENUM_CONVERSION = YES;
				CLANG_WARN_INFINITE_RECURSION = YES;
				CLANG_WARN_INT_CONVERSION = YES;
				CLANG_WARN_NON_LITERAL_NULL_CONVERSION = YES;
				CLANG_WARN_OBJC_IMPLICIT_RETAIN_SELF = YES;
				CLANG_WARN_OBJC_LITERAL_CONVERSION = YES;
				CLANG_WARN_OBJC_ROOT_CLASS = YES_ERROR;
				CLANG_WARN_RANGE_LOOP_ANALYSIS = YES;
				CLANG_WARN_STRICT_PROTOTYPES = YES;
				CLANG_WARN_SUSPICIOUS_MOVE = YES;
				CLANG_WARN_UNGUARDED_AVAILABILITY = YES_AGGRESSIVE;
				CLANG_WARN_UNREACHABLE_CODE = YES;
				CLANG_WARN__DUPLICATE_METHOD_MATCH = YES;
				CODE_SIGN_IDENTITY = "iPhone Developer";
				COPY_PHASE_STRIP = NO;
				DEBUG_INFORMATION_FORMAT = dwarf;
				ENABLE_STRICT_OBJC_MSGSEND = YES;
				ENABLE_TESTABILITY = YES;
				GCC_C_LANGUAGE_STANDARD = gnu11;
				GCC_DYNAMIC_NO_PIC = NO;
				GCC_NO_COMMON_BLOCKS = YES;
				GCC_OPTIMIZATION_LEVEL = 0;
				GCC_PREPROCESSOR_DEFINITIONS = (
					"DEBUG=1",
					"$(inherited)",
				);
				GCC_WARN_64_TO_32_BIT_CONVERSION = YES;
				GCC_WARN_ABOUT_RETURN_TYPE = YES_ERROR;
				GCC_WARN_UNDECLARED_SELECTOR = YES;
				GCC_WARN_UNINITIALIZED_AUTOS = YES_AGGRESSIVE;
				GCC_WARN_UNUSED_FUNCTION = YES;
				GCC_WARN_UNUSED_VARIABLE = YES;
				IPHONEOS_DEPLOYMENT_TARGET = 12.2;
				MTL_ENABLE_DEBUG_INFO = INCLUDE_SOURCE;
				MTL_FAST_MATH = YES;
				ONLY_ACTIVE_ARCH = YES;
				SDKROOT = iphoneos;
				SWIFT_ACTIVE_COMPILATION_CONDITIONS = DEBUG;
				SWIFT_OPTIMIZATION_LEVEL = "-Onone";
			};
			name = Debug;
		};
		6171A7A4226EE5D400093DA4 /* Release */ = {
			isa = XCBuildConfiguration;
			buildSettings = {
				ALWAYS_SEARCH_USER_PATHS = NO;
				CLANG_ANALYZER_NONNULL = YES;
				CLANG_ANALYZER_NUMBER_OBJECT_CONVERSION = YES_AGGRESSIVE;
				CLANG_CXX_LANGUAGE_STANDARD = "gnu++14";
				CLANG_CXX_LIBRARY = "libc++";
				CLANG_ENABLE_MODULES = YES;
				CLANG_ENABLE_OBJC_ARC = YES;
				CLANG_ENABLE_OBJC_WEAK = YES;
				CLANG_WARN_BLOCK_CAPTURE_AUTORELEASING = YES;
				CLANG_WARN_BOOL_CONVERSION = YES;
				CLANG_WARN_COMMA = YES;
				CLANG_WARN_CONSTANT_CONVERSION = YES;
				CLANG_WARN_DEPRECATED_OBJC_IMPLEMENTATIONS = YES;
				CLANG_WARN_DIRECT_OBJC_ISA_USAGE = YES_ERROR;
				CLANG_WARN_DOCUMENTATION_COMMENTS = YES;
				CLANG_WARN_EMPTY_BODY = YES;
				CLANG_WARN_ENUM_CONVERSION = YES;
				CLANG_WARN_INFINITE_RECURSION = YES;
				CLANG_WARN_INT_CONVERSION = YES;
				CLANG_WARN_NON_LITERAL_NULL_CONVERSION = YES;
				CLANG_WARN_OBJC_IMPLICIT_RETAIN_SELF = YES;
				CLANG_WARN_OBJC_LITERAL_CONVERSION = YES;
				CLANG_WARN_OBJC_ROOT_CLASS = YES_ERROR;
				CLANG_WARN_RANGE_LOOP_ANALYSIS = YES;
				CLANG_WARN_STRICT_PROTOTYPES = YES;
				CLANG_WARN_SUSPICIOUS_MOVE = YES;
				CLANG_WARN_UNGUARDED_AVAILABILITY = YES_AGGRESSIVE;
				CLANG_WARN_UNREACHABLE_CODE = YES;
				CLANG_WARN__DUPLICATE_METHOD_MATCH = YES;
				CODE_SIGN_IDENTITY = "iPhone Developer";
				COPY_PHASE_STRIP = NO;
				DEBUG_INFORMATION_FORMAT = "dwarf-with-dsym";
				ENABLE_NS_ASSERTIONS = NO;
				ENABLE_STRICT_OBJC_MSGSEND = YES;
				GCC_C_LANGUAGE_STANDARD = gnu11;
				GCC_NO_COMMON_BLOCKS = YES;
				GCC_WARN_64_TO_32_BIT_CONVERSION = YES;
				GCC_WARN_ABOUT_RETURN_TYPE = YES_ERROR;
				GCC_WARN_UNDECLARED_SELECTOR = YES;
				GCC_WARN_UNINITIALIZED_AUTOS = YES_AGGRESSIVE;
				GCC_WARN_UNUSED_FUNCTION = YES;
				GCC_WARN_UNUSED_VARIABLE = YES;
				IPHONEOS_DEPLOYMENT_TARGET = 12.2;
				MTL_ENABLE_DEBUG_INFO = NO;
				MTL_FAST_MATH = YES;
				SDKROOT = iphoneos;
				SWIFT_COMPILATION_MODE = wholemodule;
				SWIFT_OPTIMIZATION_LEVEL = "-O";
				VALIDATE_PRODUCT = YES;
			};
			name = Release;
		};
		6171A7A6226EE5D400093DA4 /* Debug */ = {
			isa = XCBuildConfiguration;
			baseConfigurationReference = AA66D5B5DC5A36A12730CBEE /* Pods-ARKitFaceTrackingTutorial.debug.xcconfig */;
			buildSettings = {
				ASSETCATALOG_COMPILER_APPICON_NAME = AppIcon;
				CODE_SIGN_IDENTITY = "Apple Development";
				CODE_SIGN_STYLE = Automatic;
				DEVELOPMENT_TEAM = N7WS2358GJ;
				INFOPLIST_FILE = ARKitFaceTrackingTutorial/Info.plist;
				LD_RUNPATH_SEARCH_PATHS = (
					"$(inherited)",
					"@executable_path/Frameworks",
				);
				PRODUCT_BUNDLE_IDENTIFIER = com.vp.VoGgles;
				PRODUCT_NAME = "ARKit Eye Glassis";
				PROVISIONING_PROFILE_SPECIFIER = "";
				SWIFT_VERSION = 5.0;
				TARGETED_DEVICE_FAMILY = 1;
			};
			name = Debug;
		};
		6171A7A7226EE5D400093DA4 /* Release */ = {
			isa = XCBuildConfiguration;
			baseConfigurationReference = 6905A487502C3FA201C3A00B /* Pods-ARKitFaceTrackingTutorial.release.xcconfig */;
			buildSettings = {
				ASSETCATALOG_COMPILER_APPICON_NAME = AppIcon;
				CODE_SIGN_IDENTITY = "Apple Development";
				CODE_SIGN_STYLE = Automatic;
				DEVELOPMENT_TEAM = N7WS2358GJ;
				INFOPLIST_FILE = ARKitFaceTrackingTutorial/Info.plist;
				LD_RUNPATH_SEARCH_PATHS = (
					"$(inherited)",
					"@executable_path/Frameworks",
				);
				PRODUCT_BUNDLE_IDENTIFIER = com.vp.VoGgles;
				PRODUCT_NAME = "ARKit Eye Glassis";
				PROVISIONING_PROFILE_SPECIFIER = "";
				SWIFT_VERSION = 5.0;
				TARGETED_DEVICE_FAMILY = 1;
			};
			name = Release;
		};
/* End XCBuildConfiguration section */

/* Begin XCConfigurationList section */
		6171A78E226EE5D100093DA4 /* Build configuration list for PBXProject "ARKitFaceTrackingTutorial" */ = {
			isa = XCConfigurationList;
			buildConfigurations = (
				6171A7A3226EE5D400093DA4 /* Debug */,
				6171A7A4226EE5D400093DA4 /* Release */,
			);
			defaultConfigurationIsVisible = 0;
			defaultConfigurationName = Release;
		};
		6171A7A5226EE5D400093DA4 /* Build configuration list for PBXNativeTarget "ARKitFaceTrackingTutorial" */ = {
			isa = XCConfigurationList;
			buildConfigurations = (
				6171A7A6226EE5D400093DA4 /* Debug */,
				6171A7A7226EE5D400093DA4 /* Release */,
			);
			defaultConfigurationIsVisible = 0;
			defaultConfigurationName = Release;
		};
/* End XCConfigurationList section */
	};
	rootObject = 6171A78B226EE5D100093DA4 /* Project object */;
}
